
Microsoft Visual Studio Solution File, Format Version 12.00
# Visual Studio 15
VisualStudioVersion = 15.0.26730.16
MinimumVisualStudioVersion = 10.0.40219.1
Project("{FAE04EC0-301F-11D3-BF4B-00C04F79EFBC}") = "CTeravHarjutamised", "CTeravHarjutamised\CTeravHarjutamised.csproj", "{956BDBB9-6832-48AA-AA39-F93C7611387F}"
EndProject
Global
	GlobalSection(SolutionConfigurationPlatforms) = preSolution
		Debug|Any CPU = Debug|Any CPU
		Release|Any CPU = Release|Any CPU
	EndGlobalSection
	GlobalSection(ProjectConfigurationPlatforms) = postSolution
		{956BDBB9-6832-48AA-AA39-F93C7611387F}.Debug|Any CPU.ActiveCfg = Debug|Any CPU
		{956BDBB9-6832-48AA-AA39-F93C7611387F}.Debug|Any CPU.Build.0 = Debug|Any CPU
		{956BDBB9-6832-48AA-AA39-F93C7611387F}.Release|Any CPU.ActiveCfg = Release|Any CPU
		{956BDBB9-6832-48AA-AA39-F93C7611387F}.Release|Any CPU.Build.0 = Release|Any CPU
	EndGlobalSection
	GlobalSection(SolutionProperties) = preSolution
		HideSolutionNode = FALSE
	EndGlobalSection
	GlobalSection(ExtensibilityGlobals) = postSolution
		SolutionGuid = {3E9315FF-C366-4137-9EF5-D52E5D2EEE10}
	EndGlobalSection
EndGlobal
